
Microsoft Visual Studio Solution File, Format Version 12.00
# Visual Studio Version 16
VisualStudioVersion = 16.0.29709.97
MinimumVisualStudioVersion = 10.0.40219.1
Project("{FAE04EC0-301F-11D3-BF4B-00C04F79EFBC}") = "UserInputTylerGunnells", "UserInputTylerGunnells.csproj", "{DD81A217-E1A8-45D0-B5B8-4CF4DBBD20CC}"
EndProject
Global
	GlobalSection(SolutionConfigurationPlatforms) = preSolution
		Debug|Any CPU = Debug|Any CPU
		Release|Any CPU = Release|Any CPU
	EndGlobalSection
	GlobalSection(ProjectConfigurationPlatforms) = postSolution
		{DD81A217-E1A8-45D0-B5B8-4CF4DBBD20CC}.Debug|Any CPU.ActiveCfg = Debug|Any CPU
		{DD81A217-E1A8-45D0-B5B8-4CF4DBBD20CC}.Debug|Any CPU.Build.0 = Debug|Any CPU
		{DD81A217-E1A8-45D0-B5B8-4CF4DBBD20CC}.Release|Any CPU.ActiveCfg = Release|Any CPU
		{DD81A217-E1A8-45D0-B5B8-4CF4DBBD20CC}.Release|Any CPU.Build.0 = Release|Any CPU
	EndGlobalSection
	GlobalSection(SolutionProperties) = preSolution
		HideSolutionNode = FALSE
	EndGlobalSection
	GlobalSection(ExtensibilityGlobals) = postSolution
		SolutionGuid = {936268E8-94C3-4C1E-83A7-281C410BDC63}
	EndGlobalSection
EndGlobal
